
Microsoft Visual Studio Solution File, Format Version 12.00
# Visual Studio Version 17
VisualStudioVersion = 17.9.34728.123
MinimumVisualStudioVersion = 10.0.40219.1
Project("{FAE04EC0-301F-11D3-BF4B-00C04F79EFBC}") = "RegistrationApp", "RegistrationApp\RegistrationApp.csproj", "{9F6E4461-7BFE-49F1-AC71-BA63A5DC2AE7}"
EndProject
Project("{FAE04EC0-301F-11D3-BF4B-00C04F79EFBC}") = "RegistrationApp.BusinessLogic", "RegistrationApp.BusinessLogic\RegistrationApp.BusinessLogic.csproj", "{BD8A9324-B5AE-4DA9-BA9C-76202FDEA86A}"
EndProject
Project("{FAE04EC0-301F-11D3-BF4B-00C04F79EFBC}") = "RegistrationApp.Database", "RegistrationApp.Database\RegistrationApp.Database.csproj", "{A1D9C3D0-EDD1-4DCC-9C8D-2E56F598E777}"
EndProject
Project("{FAE04EC0-301F-11D3-BF4B-00C04F79EFBC}") = "RegistrationApp.Shared", "RegistrationApp.Shared\RegistrationApp.Shared.csproj", "{D5E5E39D-508C-4B63-8993-FEB35776EF6E}"
EndProject
Global
	GlobalSection(SolutionConfigurationPlatforms) = preSolution
		Debug|Any CPU = Debug|Any CPU
		Release|Any CPU = Release|Any CPU
	EndGlobalSection
	GlobalSection(ProjectConfigurationPlatforms) = postSolution
		{9F6E4461-7BFE-49F1-AC71-BA63A5DC2AE7}.Debug|Any CPU.ActiveCfg = Debug|Any CPU
		{9F6E4461-7BFE-49F1-AC71-BA63A5DC2AE7}.Debug|Any CPU.Build.0 = Debug|Any CPU
		{9F6E4461-7BFE-49F1-AC71-BA63A5DC2AE7}.Release|Any CPU.ActiveCfg = Release|Any CPU
		{9F6E4461-7BFE-49F1-AC71-BA63A5DC2AE7}.Release|Any CPU.Build.0 = Release|Any CPU
		{BD8A9324-B5AE-4DA9-BA9C-76202FDEA86A}.Debug|Any CPU.ActiveCfg = Debug|Any CPU
		{BD8A9324-B5AE-4DA9-BA9C-76202FDEA86A}.Debug|Any CPU.Build.0 = Debug|Any CPU
		{BD8A9324-B5AE-4DA9-BA9C-76202FDEA86A}.Release|Any CPU.ActiveCfg = Release|Any CPU
		{BD8A9324-B5AE-4DA9-BA9C-76202FDEA86A}.Release|Any CPU.Build.0 = Release|Any CPU
		{A1D9C3D0-EDD1-4DCC-9C8D-2E56F598E777}.Debug|Any CPU.ActiveCfg = Debug|Any CPU
		{A1D9C3D0-EDD1-4DCC-9C8D-2E56F598E777}.Debug|Any CPU.Build.0 = Debug|Any CPU
		{A1D9C3D0-EDD1-4DCC-9C8D-2E56F598E777}.Release|Any CPU.ActiveCfg = Release|Any CPU
		{A1D9C3D0-EDD1-4DCC-9C8D-2E56F598E777}.Release|Any CPU.Build.0 = Release|Any CPU
		{D5E5E39D-508C-4B63-8993-FEB35776EF6E}.Debug|Any CPU.ActiveCfg = Debug|Any CPU
		{D5E5E39D-508C-4B63-8993-FEB35776EF6E}.Debug|Any CPU.Build.0 = Debug|Any CPU
		{D5E5E39D-508C-4B63-8993-FEB35776EF6E}.Release|Any CPU.ActiveCfg = Release|Any CPU
		{D5E5E39D-508C-4B63-8993-FEB35776EF6E}.Release|Any CPU.Build.0 = Release|Any CPU
	EndGlobalSection
	GlobalSection(SolutionProperties) = preSolution
		HideSolutionNode = FALSE
	EndGlobalSection
	GlobalSection(ExtensibilityGlobals) = postSolution
		SolutionGuid = {27FC82E3-1B11-440B-AD0B-FE64874F9DD2}
	EndGlobalSection
EndGlobal
